// !$*UTF8*$!
{
	archiveVersion = 1;
	classes = {
	};
	objectVersion = 46;
	objects = {

/* Begin PBXBuildFile section */
		2704EF4A1E4187AE00EBDA4F /* AppDelegate.swift in Sources */ = {isa = PBXBuildFile; fileRef = 2704EF491E4187AE00EBDA4F /* AppDelegate.swift */; };
		2704EF4F1E4187AE00EBDA4F /* Main.storyboard in Resources */ = {isa = PBXBuildFile; fileRef = 2704EF4D1E4187AE00EBDA4F /* Main.storyboard */; };
		2704EF511E4187AE00EBDA4F /* Assets.xcassets in Resources */ = {isa = PBXBuildFile; fileRef = 2704EF501E4187AE00EBDA4F /* Assets.xcassets */; };
		2704EF541E4187AE00EBDA4F /* LaunchScreen.storyboard in Resources */ = {isa = PBXBuildFile; fileRef = 2704EF521E4187AE00EBDA4F /* LaunchScreen.storyboard */; };
		2704EF5E1E41A1E600EBDA4F /* MoviesViewController.swift in Sources */ = {isa = PBXBuildFile; fileRef = 2704EF5D1E41A1E600EBDA4F /* MoviesViewController.swift */; };
		27EEBE5D1E46B3B300623DA1 /* movieCollectionViewCell.swift in Sources */ = {isa = PBXBuildFile; fileRef = 27EEBE5C1E46B3B300623DA1 /* movieCollectionViewCell.swift */; };
		27F711851E4D45690080180F /* DetailViewController.swift in Sources */ = {isa = PBXBuildFile; fileRef = 27F711841E4D45690080180F /* DetailViewController.swift */; };
		FD9506F11FC9B2D64F796673 /* Pods_Flicks.framework in Frameworks */ = {isa = PBXBuildFile; fileRef = 3AB6E01BD6CCA497F2AAE55F /* Pods_Flicks.framework */; };
/* End PBXBuildFile section */

/* Begin PBXFileReference section */
		2704EF461E4187AE00EBDA4F /* Flicks.app */ = {isa = PBXFileReference; explicitFileType = wrapper.application; includeInIndex = 0; path = Flicks.app; sourceTree = BUILT_PRODUCTS_DIR; };
		2704EF491E4187AE00EBDA4F /* AppDelegate.swift */ = {isa = PBXFileReference; lastKnownFileType = sourcecode.swift; path = AppDelegate.swift; sourceTree = "<group>"; };
		2704EF4E1E4187AE00EBDA4F /* Base */ = {isa = PBXFileReference; lastKnownFileType = file.storyboard; name = Base; path = Base.lproj/Main.storyboard; sourceTree = "<group>"; };
		2704EF501E4187AE00EBDA4F /* Assets.xcassets */ = {isa = PBXFileReference; lastKnownFileType = folder.assetcatalog; path = Assets.xcassets; sourceTree = "<group>"; };
		2704EF531E4187AE00EBDA4F /* Base */ = {isa = PBXFileReference; lastKnownFileType = file.storyboard; name = Base; path = Base.lproj/LaunchScreen.storyboard; sourceTree = "<group>"; };
		2704EF551E4187AE00EBDA4F /* Info.plist */ = {isa = PBXFileReference; lastKnownFileType = text.plist.xml; path = Info.plist; sourceTree = "<group>"; };
		2704EF5D1E41A1E600EBDA4F /* MoviesViewController.swift */ = {isa = PBXFileReference; fileEncoding = 4; lastKnownFileType = sourcecode.swift; path = MoviesViewController.swift; sourceTree = "<group>"; };
		27EEBE5C1E46B3B300623DA1 /* movieCollectionViewCell.swift */ = {isa = PBXFileReference; fileEncoding = 4; lastKnownFileType = sourcecode.swift; path = movieCollectionViewCell.swift; sourceTree = "<group>"; };
		27F711841E4D45690080180F /* DetailViewController.swift */ = {isa = PBXFileReference; fileEncoding = 4; lastKnownFileType = sourcecode.swift; path = DetailViewController.swift; sourceTree = "<group>"; };
		3AB6E01BD6CCA497F2AAE55F /* Pods_Flicks.framework */ = {isa = PBXFileReference; explicitFileType = wrapper.framework; includeInIndex = 0; path = Pods_Flicks.framework; sourceTree = BUILT_PRODUCTS_DIR; };
		DD31AA3FB63DE747A11D5E89 /* Pods-Flicks.debug.xcconfig */ = {isa = PBXFileReference; includeInIndex = 1; lastKnownFileType = text.xcconfig; name = "Pods-Flicks.debug.xcconfig"; path = "Pods/Target Support Files/Pods-Flicks/Pods-Flicks.debug.xcconfig"; sourceTree = "<group>"; };
		E862173C72F9489D0ED377AF /* Pods-Flicks.release.xcconfig */ = {isa = PBXFileReference; includeInIndex = 1; lastKnownFileType = text.xcconfig; name = "Pods-Flicks.release.xcconfig"; path = "Pods/Target Support Files/Pods-Flicks/Pods-Flicks.release.xcconfig"; sourceTree = "<group>"; };
/* End PBXFileReference section */

/* Begin PBXFrameworksBuildPhase section */
		2704EF431E4187AD00EBDA4F /* Frameworks */ = {
			isa = PBXFrameworksBuildPhase;
			buildActionMask = 2147483647;
			files = (
				FD9506F11FC9B2D64F796673 /* Pods_Flicks.framework in Frameworks */,
			);
			runOnlyForDeploymentPostprocessing = 0;
		};
/* End PBXFrameworksBuildPhase section */

/* Begin PBXGroup section */
		02785F369B2EE2C038C8C5A7 /* Frameworks */ = {
			isa = PBXGroup;
			children = (
				3AB6E01BD6CCA497F2AAE55F /* Pods_Flicks.framework */,
			);
			name = Frameworks;
			sourceTree = "<group>";
		};
		2704EF3D1E4187AD00EBDA4F = {
			isa = PBXGroup;
			children = (
				2704EF481E4187AE00EBDA4F /* Flicks */,
				2704EF471E4187AE00EBDA4F /* Products */,
				CD98A0191BF65C17D9826BE8 /* Pods */,
				02785F369B2EE2C038C8C5A7 /* Frameworks */,
			);
			sourceTree = "<group>";
		};
		2704EF471E4187AE00EBDA4F /* Products */ = {
			isa = PBXGroup;
			children = (
				2704EF461E4187AE00EBDA4F /* Flicks.app */,
			);
			name = Products;
			sourceTree = "<group>";
		};
		2704EF481E4187AE00EBDA4F /* Flicks */ = {
			isa = PBXGroup;
			children = (
				27DD95551E44176600405EF7 /* Views */,
				27DD95541E44175600405EF7 /* View Controllers */,
				2704EF491E4187AE00EBDA4F /* AppDelegate.swift */,
				2704EF4D1E4187AE00EBDA4F /* Main.storyboard */,
				2704EF501E4187AE00EBDA4F /* Assets.xcassets */,
				2704EF521E4187AE00EBDA4F /* LaunchScreen.storyboard */,
				2704EF551E4187AE00EBDA4F /* Info.plist */,
			);
			path = Flicks;
			sourceTree = "<group>";
		};
		27DD95541E44175600405EF7 /* View Controllers */ = {
			isa = PBXGroup;
			children = (
				2704EF5D1E41A1E600EBDA4F /* MoviesViewController.swift */,
				27F711841E4D45690080180F /* DetailViewController.swift */,
			);
			name = "View Controllers";
			sourceTree = "<group>";
		};
		27DD95551E44176600405EF7 /* Views */ = {
			isa = PBXGroup;
			children = (
				27EEBE5C1E46B3B300623DA1 /* movieCollectionViewCell.swift */,
			);
			name = Views;
			sourceTree = "<group>";
		};
		CD98A0191BF65C17D9826BE8 /* Pods */ = {
			isa = PBXGroup;
			children = (
				DD31AA3FB63DE747A11D5E89 /* Pods-Flicks.debug.xcconfig */,
				E862173C72F9489D0ED377AF /* Pods-Flicks.release.xcconfig */,
			);
			name = Pods;
			sourceTree = "<group>";
		};
/* End PBXGroup section */

/* Begin PBXNativeTarget section */
		2704EF451E4187AD00EBDA4F /* Flicks */ = {
			isa = PBXNativeTarget;
			buildConfigurationList = 2704EF581E4187AE00EBDA4F /* Build configuration list for PBXNativeTarget "Flicks" */;
			buildPhases = (
				C65CD474DFE11A131F6DD818 /* [CP] Check Pods Manifest.lock */,
				2704EF421E4187AD00EBDA4F /* Sources */,
				2704EF431E4187AD00EBDA4F /* Frameworks */,
				2704EF441E4187AD00EBDA4F /* Resources */,
				FD037BEC5CD6F1C0216A4685 /* [CP] Embed Pods Frameworks */,
				9E6DF86BFDCFD1412C4D808D /* [CP] Copy Pods Resources */,
			);
			buildRules = (
			);
			dependencies = (
			);
			name = Flicks;
			productName = Flicks;
			productReference = 2704EF461E4187AE00EBDA4F /* Flicks.app */;
			productType = "com.apple.product-type.application";
		};
/* End PBXNativeTarget section */

/* Begin PBXProject section */
		2704EF3E1E4187AD00EBDA4F /* Project object */ = {
			isa = PBXProject;
			attributes = {
				LastSwiftUpdateCheck = 0820;
				LastUpgradeCheck = 0820;
				ORGANIZATIONNAME = "Kyle Sit";
				TargetAttributes = {
					2704EF451E4187AD00EBDA4F = {
						CreatedOnToolsVersion = 8.2.1;
						ProvisioningStyle = Automatic;
					};
				};
			};
			buildConfigurationList = 2704EF411E4187AD00EBDA4F /* Build configuration list for PBXProject "Flicks" */;
			compatibilityVersion = "Xcode 3.2";
			developmentRegion = English;
			hasScannedForEncodings = 0;
			knownRegions = (
				en,
				Base,
			);
			mainGroup = 2704EF3D1E4187AD00EBDA4F;
			productRefGroup = 2704EF471E4187AE00EBDA4F /* Products */;
			projectDirPath = "";
			projectRoot = "";
			targets = (
				2704EF451E4187AD00EBDA4F /* Flicks */,
			);
		};
/* End PBXProject section */

/* Begin PBXResourcesBuildPhase section */
		2704EF441E4187AD00EBDA4F /* Resources */ = {
			isa = PBXResourcesBuildPhase;
			buildActionMask = 2147483647;
			files = (
				2704EF541E4187AE00EBDA4F /* LaunchScreen.storyboard in Resources */,
				2704EF511E4187AE00EBDA4F /* Assets.xcassets in Resources */,
				2704EF4F1E4187AE00EBDA4F /* Main.storyboard in Resources */,
			);
			runOnlyForDeploymentPostprocessing = 0;
		};
/* End PBXResourcesBuildPhase section */

/* Begin PBXShellScriptBuildPhase section */
		9E6DF86BFDCFD1412C4D808D /* [CP] Copy Pods Resources */ = {
			isa = PBXShellScriptBuildPhase;
			buildActionMask = 2147483647;
			files = (
			);
			inputPaths = (
			);
			name = "[CP] Copy Pods Resources";
			outputPaths = (
			);
			runOnlyForDeploymentPostprocessing = 0;
			shellPath = /bin/sh;
			shellScript = "\"${SRCROOT}/Pods/Target Support Files/Pods-Flicks/Pods-Flicks-resources.sh\"\n";
			showEnvVarsInLog = 0;
		};
		C65CD474DFE11A131F6DD818 /* [CP] Check Pods Manifest.lock */ = {
			isa = PBXShellScriptBuildPhase;
			buildActionMask = 2147483647;
			files = (
			);
			inputPaths = (
			);
			name = "[CP] Check Pods Manifest.lock";
			outputPaths = (
			);
			runOnlyForDeploymentPostprocessing = 0;
			shellPath = /bin/sh;
			shellScript = "diff \"${PODS_ROOT}/../Podfile.lock\" \"${PODS_ROOT}/Manifest.lock\" > /dev/null\nif [ $? != 0 ] ; then\n    # print error to STDERR\n    echo \"error: The sandbox is not in sync with the Podfile.lock. Run 'pod install' or update your CocoaPods installation.\" >&2\n    exit 1\nfi\n";
			showEnvVarsInLog = 0;
		};
		FD037BEC5CD6F1C0216A4685 /* [CP] Embed Pods Frameworks */ = {
			isa = PBXShellScriptBuildPhase;
			buildActionMask = 2147483647;
			files = (
			);
			inputPaths = (
			);
			name = "[CP] Embed Pods Frameworks";
			outputPaths = (
			);
			runOnlyForDeploymentPostprocessing = 0;
			shellPath = /bin/sh;
			shellScript = "\"${SRCROOT}/Pods/Target Support Files/Pods-Flicks/Pods-Flicks-frameworks.sh\"\n";
			showEnvVarsInLog = 0;
		};
/* End PBXShellScriptBuildPhase section */

/* Begin PBXSourcesBuildPhase section */
		2704EF421E4187AD00EBDA4F /* Sources */ = {
			isa = PBXSourcesBuildPhase;
			buildActionMask = 2147483647;
			files = (
				2704EF4A1E4187AE00EBDA4F /* AppDelegate.swift in Sources */,
				2704EF5E1E41A1E600EBDA4F /* MoviesViewController.swift in Sources */,
				27EEBE5D1E46B3B300623DA1 /* movieCollectionViewCell.swift in Sources */,
				27F711851E4D45690080180F /* DetailViewController.swift in Sources */,
			);
			runOnlyForDeploymentPostprocessing = 0;
		};
/* End PBXSourcesBuildPhase section */

/* Begin PBXVariantGroup section */
		2704EF4D1E4187AE00EBDA4F /* Main.storyboard */ = {
			isa = PBXVariantGroup;
			children = (
				2704EF4E1E4187AE00EBDA4F /* Base */,
			);
			name = Main.storyboard;
			sourceTree = "<group>";
		};
		2704EF521E4187AE00EBDA4F /* LaunchScreen.storyboard */ = {
			isa = PBXVariantGroup;
			children = (
				2704EF531E4187AE00EBDA4F /* Base */,
			);
			name = LaunchScreen.storyboard;
			sourceTree = "<group>";
		};
/* End PBXVariantGroup section */

/* Begin XCBuildConfiguration section */
		2704EF561E4187AE00EBDA4F /* Debug */ = {
			isa = XCBuildConfiguration;
			buildSettings = {
				ALWAYS_SEARCH_USER_PATHS = NO;
				CLANG_ANALYZER_NONNULL = YES;
				CLANG_CXX_LANGUAGE_STANDARD = "gnu++0x";
				CLANG_CXX_LIBRARY = "libc++";
				CLANG_ENABLE_MODULES = YES;
				CLANG_ENABLE_OBJC_ARC = YES;
				CLANG_WARN_BOOL_CONVERSION = YES;
				CLANG_WARN_CONSTANT_CONVERSION = YES;
				CLANG_WARN_DIRECT_OBJC_ISA_USAGE = YES_ERROR;
				CLANG_WARN_DOCUMENTATION_COMMENTS = YES;
				CLANG_WARN_EMPTY_BODY = YES;
				CLANG_WARN_ENUM_CONVERSION = YES;
				CLANG_WARN_INFINITE_RECURSION = YES;
				CLANG_WARN_INT_CONVERSION = YES;
				CLANG_WARN_OBJC_ROOT_CLASS = YES_ERROR;
				CLANG_WARN_SUSPICIOUS_MOVE = YES;
				CLANG_WARN_UNREACHABLE_CODE = YES;
				CLANG_WARN__DUPLICATE_METHOD_MATCH = YES;
				"CODE_SIGN_IDENTITY[sdk=iphoneos*]" = "iPhone Developer";
				COPY_PHASE_STRIP = NO;
				DEBUG_INFORMATION_FORMAT = dwarf;
				ENABLE_STRICT_OBJC_MSGSEND = YES;
				ENABLE_TESTABILITY = YES;
				GCC_C_LANGUAGE_STANDARD = gnu99;
				GCC_DYNAMIC_NO_PIC = NO;
				GCC_NO_COMMON_BLOCKS = YES;
				GCC_OPTIMIZATION_LEVEL = 0;
				GCC_PREPROCESSOR_DEFINITIONS = (
					"DEBUG=1",
					"$(inherited)",
				);
				GCC_WARN_64_TO_32_BIT_CONVERSION = YES;
				GCC_WARN_ABOUT_RETURN_TYPE = YES_ERROR;
				GCC_WARN_UNDECLARED_SELECTOR = YES;
				GCC_WARN_UNINITIALIZED_AUTOS = YES_AGGRESSIVE;
				GCC_WARN_UNUSED_FUNCTION = YES;
				GCC_WARN_UNUSED_VARIABLE = YES;
				IPHONEOS_DEPLOYMENT_TARGET = 10.2;
				MTL_ENABLE_DEBUG_INFO = YES;
				ONLY_ACTIVE_ARCH = YES;
				SDKROOT = iphoneos;
				SWIFT_ACTIVE_COMPILATION_CONDITIONS = DEBUG;
				SWIFT_OPTIMIZATION_LEVEL = "-Onone";
			};
			name = Debug;
		};
		2704EF571E4187AE00EBDA4F /* Release */ = {
			isa = XCBuildConfiguration;
			buildSettings = {
				ALWAYS_SEARCH_USER_PATHS = NO;
				CLANG_ANALYZER_NONNULL = YES;
				CLANG_CXX_LANGUAGE_STANDARD = "gnu++0x";
				CLANG_CXX_LIBRARY = "libc++";
				CLANG_ENABLE_MODULES = YES;
				CLANG_ENABLE_OBJC_ARC = YES;
				CLANG_WARN_BOOL_CONVERSION = YES;
				CLANG_WARN_CONSTANT_CONVERSION = YES;
				CLANG_WARN_DIRECT_OBJC_ISA_USAGE = YES_ERROR;
				CLANG_WARN_DOCUMENTATION_COMMENTS = YES;
				CLANG_WARN_EMPTY_BODY = YES;
				CLANG_WARN_ENUM_CONVERSION = YES;
				CLANG_WARN_INFINITE_RECURSION = YES;
				CLANG_WARN_INT_CONVERSION = YES;
				CLANG_WARN_OBJC_ROOT_CLASS = YES_ERROR;
				CLANG_WARN_SUSPICIOUS_MOVE = YES;
				CLANG_WARN_UNREACHABLE_CODE = YES;
				CLANG_WARN__DUPLICATE_METHOD_MATCH = YES;
				"CODE_SIGN_IDENTITY[sdk=iphoneos*]" = "iPhone Developer";
				COPY_PHASE_STRIP = NO;
				DEBUG_INFORMATION_FORMAT = "dwarf-with-dsym";
				ENABLE_NS_ASSERTIONS = NO;
				ENABLE_STRICT_OBJC_MSGSEND = YES;
				GCC_C_LANGUAGE_STANDARD = gnu99;
				GCC_NO_COMMON_BLOCKS = YES;
				GCC_WARN_64_TO_32_BIT_CONVERSION = YES;
				GCC_WARN_ABOUT_RETURN_TYPE = YES_ERROR;
				GCC_WARN_UNDECLARED_SELECTOR = YES;
				GCC_WARN_UNINITIALIZED_AUTOS = YES_AGGRESSIVE;
				GCC_WARN_UNUSED_FUNCTION = YES;
				GCC_WARN_UNUSED_VARIABLE = YES;
				IPHONEOS_DEPLOYMENT_TARGET = 10.2;
				MTL_ENABLE_DEBUG_INFO = NO;
				SDKROOT = iphoneos;
				SWIFT_OPTIMIZATION_LEVEL = "-Owholemodule";
				VALIDATE_PRODUCT = YES;
			};
			name = Release;
		};
		2704EF591E4187AE00EBDA4F /* Debug */ = {
			isa = XCBuildConfiguration;
			baseConfigurationReference = DD31AA3FB63DE747A11D5E89 /* Pods-Flicks.debug.xcconfig */;
			buildSettings = {
				ASSETCATALOG_COMPILER_APPICON_NAME = AppIcon;
				INFOPLIST_FILE = Flicks/Info.plist;
				LD_RUNPATH_SEARCH_PATHS = "$(inherited) @executable_path/Frameworks";
				PRODUCT_BUNDLE_IDENTIFIER = com.kylesit.Flicks;
				PRODUCT_NAME = "$(TARGET_NAME)";
				SWIFT_VERSION = 3.0;
			};
			name = Debug;
		};
		2704EF5A1E4187AE00EBDA4F /* Release */ = {
			isa = XCBuildConfiguration;
			baseConfigurationReference = E862173C72F9489D0ED377AF /* Pods-Flicks.release.xcconfig */;
			buildSettings = {
				ASSETCATALOG_COMPILER_APPICON_NAME = AppIcon;
				INFOPLIST_FILE = Flicks/Info.plist;
				LD_RUNPATH_SEARCH_PATHS = "$(inherited) @executable_path/Frameworks";
				PRODUCT_BUNDLE_IDENTIFIER = com.kylesit.Flicks;
				PRODUCT_NAME = "$(TARGET_NAME)";
				SWIFT_VERSION = 3.0;
			};
			name = Release;
		};
/* End XCBuildConfiguration section */

/* Begin XCConfigurationList section */
		2704EF411E4187AD00EBDA4F /* Build configuration list for PBXProject "Flicks" */ = {
			isa = XCConfigurationList;
			buildConfigurations = (
				2704EF561E4187AE00EBDA4F /* Debug */,
				2704EF571E4187AE00EBDA4F /* Release */,
			);
			defaultConfigurationIsVisible = 0;
			defaultConfigurationName = Release;
		};
		2704EF581E4187AE00EBDA4F /* Build configuration list for PBXNativeTarget "Flicks" */ = {
			isa = XCConfigurationList;
			buildConfigurations = (
				2704EF591E4187AE00EBDA4F /* Debug */,
				2704EF5A1E4187AE00EBDA4F /* Release */,
			);
			defaultConfigurationIsVisible = 0;
			defaultConfigurationName = Release;
		};
/* End XCConfigurationList section */
	};
	rootObject = 2704EF3E1E4187AD00EBDA4F /* Project object */;
}
